
Microsoft Visual Studio Solution File, Format Version 12.00
# Visual Studio Version 17
VisualStudioVersion = 17.7.34202.233
MinimumVisualStudioVersion = 10.0.40219.1
Project("{FAE04EC0-301F-11D3-BF4B-00C04F79EFBC}") = "DateTimeAndGeneric-Non-Generic", "DateTimeAndGeneric-Non-Generic.csproj", "{7E2B66BC-8700-412F-8933-5A3F9F4C405C}"
EndProject
Global
	GlobalSection(SolutionConfigurationPlatforms) = preSolution
		Debug|Any CPU = Debug|Any CPU
		Release|Any CPU = Release|Any CPU
	EndGlobalSection
	GlobalSection(ProjectConfigurationPlatforms) = postSolution
		{7E2B66BC-8700-412F-8933-5A3F9F4C405C}.Debug|Any CPU.ActiveCfg = Debug|Any CPU
		{7E2B66BC-8700-412F-8933-5A3F9F4C405C}.Debug|Any CPU.Build.0 = Debug|Any CPU
		{7E2B66BC-8700-412F-8933-5A3F9F4C405C}.Release|Any CPU.ActiveCfg = Release|Any CPU
		{7E2B66BC-8700-412F-8933-5A3F9F4C405C}.Release|Any CPU.Build.0 = Release|Any CPU
	EndGlobalSection
	GlobalSection(SolutionProperties) = preSolution
		HideSolutionNode = FALSE
	EndGlobalSection
	GlobalSection(ExtensibilityGlobals) = postSolution
		SolutionGuid = {08586D00-63CB-48B0-A083-7FECFE0D8E79}
	EndGlobalSection
EndGlobal
